// !$*UTF8*$!
{
	archiveVersion = 1;
	classes = {
	};
	objectVersion = 46;
	objects = {

/* Begin PBXBuildFile section */
		18318D551CA6CB72006CAECE /* AppDelegate.swift in Sources */ = {isa = PBXBuildFile; fileRef = 18318D541CA6CB72006CAECE /* AppDelegate.swift */; };
		18318D571CA6CB72006CAECE /* ViewController.swift in Sources */ = {isa = PBXBuildFile; fileRef = 18318D561CA6CB72006CAECE /* ViewController.swift */; };
		18318D5A1CA6CB72006CAECE /* Main.storyboard in Resources */ = {isa = PBXBuildFile; fileRef = 18318D581CA6CB72006CAECE /* Main.storyboard */; };
		18318D5C1CA6CB72006CAECE /* Assets.xcassets in Resources */ = {isa = PBXBuildFile; fileRef = 18318D5B1CA6CB72006CAECE /* Assets.xcassets */; };
		18318D5F1CA6CB72006CAECE /* LaunchScreen.storyboard in Resources */ = {isa = PBXBuildFile; fileRef = 18318D5D1CA6CB72006CAECE /* LaunchScreen.storyboard */; };
		18318D6A1CA6CB72006CAECE /* Scavenger_HuntTests.swift in Sources */ = {isa = PBXBuildFile; fileRef = 18318D691CA6CB72006CAECE /* Scavenger_HuntTests.swift */; };
		18318D751CA6CB72006CAECE /* Scavenger_HuntUITests.swift in Sources */ = {isa = PBXBuildFile; fileRef = 18318D741CA6CB72006CAECE /* Scavenger_HuntUITests.swift */; };
/* End PBXBuildFile section */

/* Begin PBXContainerItemProxy section */
		18318D661CA6CB72006CAECE /* PBXContainerItemProxy */ = {
			isa = PBXContainerItemProxy;
			containerPortal = 18318D491CA6CB71006CAECE /* Project object */;
			proxyType = 1;
			remoteGlobalIDString = 18318D501CA6CB71006CAECE;
			remoteInfo = "Scavenger Hunt";
		};
		18318D711CA6CB72006CAECE /* PBXContainerItemProxy */ = {
			isa = PBXContainerItemProxy;
			containerPortal = 18318D491CA6CB71006CAECE /* Project object */;
			proxyType = 1;
			remoteGlobalIDString = 18318D501CA6CB71006CAECE;
			remoteInfo = "Scavenger Hunt";
		};
/* End PBXContainerItemProxy section */

/* Begin PBXFileReference section */
		18318D511CA6CB72006CAECE /* Scavenger Hunt.app */ = {isa = PBXFileReference; explicitFileType = wrapper.application; includeInIndex = 0; path = "Scavenger Hunt.app"; sourceTree = BUILT_PRODUCTS_DIR; };
		18318D541CA6CB72006CAECE /* AppDelegate.swift */ = {isa = PBXFileReference; lastKnownFileType = sourcecode.swift; path = AppDelegate.swift; sourceTree = "<group>"; };
		18318D561CA6CB72006CAECE /* ViewController.swift */ = {isa = PBXFileReference; lastKnownFileType = sourcecode.swift; path = ViewController.swift; sourceTree = "<group>"; };
		18318D591CA6CB72006CAECE /* Base */ = {isa = PBXFileReference; lastKnownFileType = file.storyboard; name = Base; path = Base.lproj/Main.storyboard; sourceTree = "<group>"; };
		18318D5B1CA6CB72006CAECE /* Assets.xcassets */ = {isa = PBXFileReference; lastKnownFileType = folder.assetcatalog; path = Assets.xcassets; sourceTree = "<group>"; };
		18318D5E1CA6CB72006CAECE /* Base */ = {isa = PBXFileReference; lastKnownFileType = file.storyboard; name = Base; path = Base.lproj/LaunchScreen.storyboard; sourceTree = "<group>"; };
		18318D601CA6CB72006CAECE /* Info.plist */ = {isa = PBXFileReference; lastKnownFileType = text.plist.xml; path = Info.plist; sourceTree = "<group>"; };
		18318D651CA6CB72006CAECE /* Scavenger HuntTests.xctest */ = {isa = PBXFileReference; explicitFileType = wrapper.cfbundle; includeInIndex = 0; path = "Scavenger HuntTests.xctest"; sourceTree = BUILT_PRODUCTS_DIR; };
		18318D691CA6CB72006CAECE /* Scavenger_HuntTests.swift */ = {isa = PBXFileReference; lastKnownFileType = sourcecode.swift; path = Scavenger_HuntTests.swift; sourceTree = "<group>"; };
		18318D6B1CA6CB72006CAECE /* Info.plist */ = {isa = PBXFileReference; lastKnownFileType = text.plist.xml; path = Info.plist; sourceTree = "<group>"; };
		18318D701CA6CB72006CAECE /* Scavenger HuntUITests.xctest */ = {isa = PBXFileReference; explicitFileType = wrapper.cfbundle; includeInIndex = 0; path = "Scavenger HuntUITests.xctest"; sourceTree = BUILT_PRODUCTS_DIR; };
		18318D741CA6CB72006CAECE /* Scavenger_HuntUITests.swift */ = {isa = PBXFileReference; lastKnownFileType = sourcecode.swift; path = Scavenger_HuntUITests.swift; sourceTree = "<group>"; };
		18318D761CA6CB72006CAECE /* Info.plist */ = {isa = PBXFileReference; lastKnownFileType = text.plist.xml; path = Info.plist; sourceTree = "<group>"; };
/* End PBXFileReference section */

/* Begin PBXFrameworksBuildPhase section */
		18318D4E1CA6CB71006CAECE /* Frameworks */ = {
			isa = PBXFrameworksBuildPhase;
			buildActionMask = 2147483647;
			files = (
			);
			runOnlyForDeploymentPostprocessing = 0;
		};
		18318D621CA6CB72006CAECE /* Frameworks */ = {
			isa = PBXFrameworksBuildPhase;
			buildActionMask = 2147483647;
			files = (
			);
			runOnlyForDeploymentPostprocessing = 0;
		};
		18318D6D1CA6CB72006CAECE /* Frameworks */ = {
			isa = PBXFrameworksBuildPhase;
			buildActionMask = 2147483647;
			files = (
			);
			runOnlyForDeploymentPostprocessing = 0;
		};
/* End PBXFrameworksBuildPhase section */

/* Begin PBXGroup section */
		18318D481CA6CB71006CAECE = {
			isa = PBXGroup;
			children = (
				18318D531CA6CB72006CAECE /* Scavenger Hunt */,
				18318D681CA6CB72006CAECE /* Scavenger HuntTests */,
				18318D731CA6CB72006CAECE /* Scavenger HuntUITests */,
				18318D521CA6CB72006CAECE /* Products */,
			);
			sourceTree = "<group>";
		};
		18318D521CA6CB72006CAECE /* Products */ = {
			isa = PBXGroup;
			children = (
				18318D511CA6CB72006CAECE /* Scavenger Hunt.app */,
				18318D651CA6CB72006CAECE /* Scavenger HuntTests.xctest */,
				18318D701CA6CB72006CAECE /* Scavenger HuntUITests.xctest */,
			);
			name = Products;
			sourceTree = "<group>";
		};
		18318D531CA6CB72006CAECE /* Scavenger Hunt */ = {
			isa = PBXGroup;
			children = (
				18318D541CA6CB72006CAECE /* AppDelegate.swift */,
				18318D561CA6CB72006CAECE /* ViewController.swift */,
				18318D581CA6CB72006CAECE /* Main.storyboard */,
				18318D5B1CA6CB72006CAECE /* Assets.xcassets */,
				18318D5D1CA6CB72006CAECE /* LaunchScreen.storyboard */,
				18318D601CA6CB72006CAECE /* Info.plist */,
			);
			path = "Scavenger Hunt";
			sourceTree = "<group>";
		};
		18318D681CA6CB72006CAECE /* Scavenger HuntTests */ = {
			isa = PBXGroup;
			children = (
				18318D691CA6CB72006CAECE /* Scavenger_HuntTests.swift */,
				18318D6B1CA6CB72006CAECE /* Info.plist */,
			);
			path = "Scavenger HuntTests";
			sourceTree = "<group>";
		};
		18318D731CA6CB72006CAECE /* Scavenger HuntUITests */ = {
			isa = PBXGroup;
			children = (
				18318D741CA6CB72006CAECE /* Scavenger_HuntUITests.swift */,
				18318D761CA6CB72006CAECE /* Info.plist */,
			);
			path = "Scavenger HuntUITests";
			sourceTree = "<group>";
		};
/* End PBXGroup section */

/* Begin PBXNativeTarget section */
		18318D501CA6CB71006CAECE /* Scavenger Hunt */ = {
			isa = PBXNativeTarget;
			buildConfigurationList = 18318D791CA6CB72006CAECE /* Build configuration list for PBXNativeTarget "Scavenger Hunt" */;
			buildPhases = (
				18318D4D1CA6CB71006CAECE /* Sources */,
				18318D4E1CA6CB71006CAECE /* Frameworks */,
				18318D4F1CA6CB71006CAECE /* Resources */,
			);
			buildRules = (
			);
			dependencies = (
			);
			name = "Scavenger Hunt";
			productName = "Scavenger Hunt";
			productReference = 18318D511CA6CB72006CAECE /* Scavenger Hunt.app */;
			productType = "com.apple.product-type.application";
		};
		18318D641CA6CB72006CAECE /* Scavenger HuntTests */ = {
			isa = PBXNativeTarget;
			buildConfigurationList = 18318D7C1CA6CB72006CAECE /* Build configuration list for PBXNativeTarget "Scavenger HuntTests" */;
			buildPhases = (
				18318D611CA6CB72006CAECE /* Sources */,
				18318D621CA6CB72006CAECE /* Frameworks */,
				18318D631CA6CB72006CAECE /* Resources */,
			);
			buildRules = (
			);
			dependencies = (
				18318D671CA6CB72006CAECE /* PBXTargetDependency */,
			);
			name = "Scavenger HuntTests";
			productName = "Scavenger HuntTests";
			productReference = 18318D651CA6CB72006CAECE /* Scavenger HuntTests.xctest */;
			productType = "com.apple.product-type.bundle.unit-test";
		};
		18318D6F1CA6CB72006CAECE /* Scavenger HuntUITests */ = {
			isa = PBXNativeTarget;
			buildConfigurationList = 18318D7F1CA6CB72006CAECE /* Build configuration list for PBXNativeTarget "Scavenger HuntUITests" */;
			buildPhases = (
				18318D6C1CA6CB72006CAECE /* Sources */,
				18318D6D1CA6CB72006CAECE /* Frameworks */,
				18318D6E1CA6CB72006CAECE /* Resources */,
			);
			buildRules = (
			);
			dependencies = (
				18318D721CA6CB72006CAECE /* PBXTargetDependency */,
			);
			name = "Scavenger HuntUITests";
			productName = "Scavenger HuntUITests";
			productReference = 18318D701CA6CB72006CAECE /* Scavenger HuntUITests.xctest */;
			productType = "com.apple.product-type.bundle.ui-testing";
		};
/* End PBXNativeTarget section */

/* Begin PBXProject section */
		18318D491CA6CB71006CAECE /* Project object */ = {
			isa = PBXProject;
			attributes = {
				LastSwiftUpdateCheck = 0720;
				LastUpgradeCheck = 0720;
				ORGANIZATIONNAME = Apple;
				TargetAttributes = {
					18318D501CA6CB71006CAECE = {
						CreatedOnToolsVersion = 7.2;
					};
					18318D641CA6CB72006CAECE = {
						CreatedOnToolsVersion = 7.2;
						TestTargetID = 18318D501CA6CB71006CAECE;
					};
					18318D6F1CA6CB72006CAECE = {
						CreatedOnToolsVersion = 7.2;
						TestTargetID = 18318D501CA6CB71006CAECE;
					};
				};
			};
			buildConfigurationList = 18318D4C1CA6CB71006CAECE /* Build configuration list for PBXProject "Scavenger Hunt" */;
			compatibilityVersion = "Xcode 3.2";
			developmentRegion = English;
			hasScannedForEncodings = 0;
			knownRegions = (
				en,
				Base,
			);
			mainGroup = 18318D481CA6CB71006CAECE;
			productRefGroup = 18318D521CA6CB72006CAECE /* Products */;
			projectDirPath = "";
			projectRoot = "";
			targets = (
				18318D501CA6CB71006CAECE /* Scavenger Hunt */,
				18318D641CA6CB72006CAECE /* Scavenger HuntTests */,
				18318D6F1CA6CB72006CAECE /* Scavenger HuntUITests */,
			);
		};
/* End PBXProject section */

/* Begin PBXResourcesBuildPhase section */
		18318D4F1CA6CB71006CAECE /* Resources */ = {
			isa = PBXResourcesBuildPhase;
			buildActionMask = 2147483647;
			files = (
				18318D5F1CA6CB72006CAECE /* LaunchScreen.storyboard in Resources */,
				18318D5C1CA6CB72006CAECE /* Assets.xcassets in Resources */,
				18318D5A1CA6CB72006CAECE /* Main.storyboard in Resources */,
			);
			runOnlyForDeploymentPostprocessing = 0;
		};
		18318D631CA6CB72006CAECE /* Resources */ = {
			isa = PBXResourcesBuildPhase;
			buildActionMask = 2147483647;
			files = (
			);
			runOnlyForDeploymentPostprocessing = 0;
		};
		18318D6E1CA6CB72006CAECE /* Resources */ = {
			isa = PBXResourcesBuildPhase;
			buildActionMask = 2147483647;
			files = (
			);
			runOnlyForDeploymentPostprocessing = 0;
		};
/* End PBXResourcesBuildPhase section */

/* Begin PBXSourcesBuildPhase section */
		18318D4D1CA6CB71006CAECE /* Sources */ = {
			isa = PBXSourcesBuildPhase;
			buildActionMask = 2147483647;
			files = (
				18318D571CA6CB72006CAECE /* ViewController.swift in Sources */,
				18318D551CA6CB72006CAECE /* AppDelegate.swift in Sources */,
			);
			runOnlyForDeploymentPostprocessing = 0;
		};
		18318D611CA6CB72006CAECE /* Sources */ = {
			isa = PBXSourcesBuildPhase;
			buildActionMask = 2147483647;
			files = (
				18318D6A1CA6CB72006CAECE /* Scavenger_HuntTests.swift in Sources */,
			);
			runOnlyForDeploymentPostprocessing = 0;
		};
		18318D6C1CA6CB72006CAECE /* Sources */ = {
			isa = PBXSourcesBuildPhase;
			buildActionMask = 2147483647;
			files = (
				18318D751CA6CB72006CAECE /* Scavenger_HuntUITests.swift in Sources */,
			);
			runOnlyForDeploymentPostprocessing = 0;
		};
/* End PBXSourcesBuildPhase section */

/* Begin PBXTargetDependency section */
		18318D671CA6CB72006CAECE /* PBXTargetDependency */ = {
			isa = PBXTargetDependency;
			target = 18318D501CA6CB71006CAECE /* Scavenger Hunt */;
			targetProxy = 18318D661CA6CB72006CAECE /* PBXContainerItemProxy */;
		};
		18318D721CA6CB72006CAECE /* PBXTargetDependency */ = {
			isa = PBXTargetDependency;
			target = 18318D501CA6CB71006CAECE /* Scavenger Hunt */;
			targetProxy = 18318D711CA6CB72006CAECE /* PBXContainerItemProxy */;
		};
/* End PBXTargetDependency section */

/* Begin PBXVariantGroup section */
		18318D581CA6CB72006CAECE /* Main.storyboard */ = {
			isa = PBXVariantGroup;
			children = (
				18318D591CA6CB72006CAECE /* Base */,
			);
			name = Main.storyboard;
			sourceTree = "<group>";
		};
		18318D5D1CA6CB72006CAECE /* LaunchScreen.storyboard */ = {
			isa = PBXVariantGroup;
			children = (
				18318D5E1CA6CB72006CAECE /* Base */,
			);
			name = LaunchScreen.storyboard;
			sourceTree = "<group>";
		};
/* End PBXVariantGroup section */

/* Begin XCBuildConfiguration section */
		18318D771CA6CB72006CAECE /* Debug */ = {
			isa = XCBuildConfiguration;
			buildSettings = {
				ALWAYS_SEARCH_USER_PATHS = NO;
				CLANG_CXX_LANGUAGE_STANDARD = "gnu++0x";
				CLANG_CXX_LIBRARY = "libc++";
				CLANG_ENABLE_MODULES = YES;
				CLANG_ENABLE_OBJC_ARC = YES;
				CLANG_WARN_BOOL_CONVERSION = YES;
				CLANG_WARN_CONSTANT_CONVERSION = YES;
				CLANG_WARN_DIRECT_OBJC_ISA_USAGE = YES_ERROR;
				CLANG_WARN_EMPTY_BODY = YES;
				CLANG_WARN_ENUM_CONVERSION = YES;
				CLANG_WARN_INT_CONVERSION = YES;
				CLANG_WARN_OBJC_ROOT_CLASS = YES_ERROR;
				CLANG_WARN_UNREACHABLE_CODE = YES;
				CLANG_WARN__DUPLICATE_METHOD_MATCH = YES;
				"CODE_SIGN_IDENTITY[sdk=iphoneos*]" = "iPhone Developer";
				COPY_PHASE_STRIP = NO;
				DEBUG_INFORMATION_FORMAT = dwarf;
				ENABLE_STRICT_OBJC_MSGSEND = YES;
				ENABLE_TESTABILITY = YES;
				GCC_C_LANGUAGE_STANDARD = gnu99;
				GCC_DYNAMIC_NO_PIC = NO;
				GCC_NO_COMMON_BLOCKS = YES;
				GCC_OPTIMIZATION_LEVEL = 0;
				GCC_PREPROCESSOR_DEFINITIONS = (
					"DEBUG=1",
					"$(inherited)",
				);
				GCC_WARN_64_TO_32_BIT_CONVERSION = YES;
				GCC_WARN_ABOUT_RETURN_TYPE = YES_ERROR;
				GCC_WARN_UNDECLARED_SELECTOR = YES;
				GCC_WARN_UNINITIALIZED_AUTOS = YES_AGGRESSIVE;
				GCC_WARN_UNUSED_FUNCTION = YES;
				GCC_WARN_UNUSED_VARIABLE = YES;
				IPHONEOS_DEPLOYMENT_TARGET = 9.2;
				MTL_ENABLE_DEBUG_INFO = YES;
				ONLY_ACTIVE_ARCH = YES;
				SDKROOT = iphoneos;
				SWIFT_OPTIMIZATION_LEVEL = "-Onone";
				TARGETED_DEVICE_FAMILY = "1,2";
			};
			name = Debug;
		};
		18318D781CA6CB72006CAECE /* Release */ = {
			isa = XCBuildConfiguration;
			buildSettings = {
				ALWAYS_SEARCH_USER_PATHS = NO;
				CLANG_CXX_LANGUAGE_STANDARD = "gnu++0x";
				CLANG_CXX_LIBRARY = "libc++";
				CLANG_ENABLE_MODULES = YES;
				CLANG_ENABLE_OBJC_ARC = YES;
				CLANG_WARN_BOOL_CONVERSION = YES;
				CLANG_WARN_CONSTANT_CONVERSION = YES;
				CLANG_WARN_DIRECT_OBJC_ISA_USAGE = YES_ERROR;
				CLANG_WARN_EMPTY_BODY = YES;
				CLANG_WARN_ENUM_CONVERSION = YES;
				CLANG_WARN_INT_CONVERSION = YES;
				CLANG_WARN_OBJC_ROOT_CLASS = YES_ERROR;
				CLANG_WARN_UNREACHABLE_CODE = YES;
				CLANG_WARN__DUPLICATE_METHOD_MATCH = YES;
				"CODE_SIGN_IDENTITY[sdk=iphoneos*]" = "iPhone Developer";
				COPY_PHASE_STRIP = NO;
				DEBUG_INFORMATION_FORMAT = "dwarf-with-dsym";
				ENABLE_NS_ASSERTIONS = NO;
				ENABLE_STRICT_OBJC_MSGSEND = YES;
				GCC_C_LANGUAGE_STANDARD = gnu99;
				GCC_NO_COMMON_BLOCKS = YES;
				GCC_WARN_64_TO_32_BIT_CONVERSION = YES;
				GCC_WARN_ABOUT_RETURN_TYPE = YES_ERROR;
				GCC_WARN_UNDECLARED_SELECTOR = YES;
				GCC_WARN_UNINITIALIZED_AUTOS = YES_AGGRESSIVE;
				GCC_WARN_UNUSED_FUNCTION = YES;
				GCC_WARN_UNUSED_VARIABLE = YES;
				IPHONEOS_DEPLOYMENT_TARGET = 9.2;
				MTL_ENABLE_DEBUG_INFO = NO;
				SDKROOT = iphoneos;
				TARGETED_DEVICE_FAMILY = "1,2";
				VALIDATE_PRODUCT = YES;
			};
			name = Release;
		};
		18318D7A1CA6CB72006CAECE /* Debug */ = {
			isa = XCBuildConfiguration;
			buildSettings = {
				ASSETCATALOG_COMPILER_APPICON_NAME = AppIcon;
				INFOPLIST_FILE = "Scavenger Hunt/Info.plist";
				LD_RUNPATH_SEARCH_PATHS = "$(inherited) @executable_path/Frameworks";
				PRODUCT_BUNDLE_IDENTIFIER = "com.example.Scavenger-Hunt";
				PRODUCT_NAME = "$(TARGET_NAME)";
			};
			name = Debug;
		};
		18318D7B1CA6CB72006CAECE /* Release */ = {
			isa = XCBuildConfiguration;
			buildSettings = {
				ASSETCATALOG_COMPILER_APPICON_NAME = AppIcon;
				INFOPLIST_FILE = "Scavenger Hunt/Info.plist";
				LD_RUNPATH_SEARCH_PATHS = "$(inherited) @executable_path/Frameworks";
				PRODUCT_BUNDLE_IDENTIFIER = "com.example.Scavenger-Hunt";
				PRODUCT_NAME = "$(TARGET_NAME)";
			};
			name = Release;
		};
		18318D7D1CA6CB72006CAECE /* Debug */ = {
			isa = XCBuildConfiguration;
			buildSettings = {
				BUNDLE_LOADER = "$(TEST_HOST)";
				INFOPLIST_FILE = "Scavenger HuntTests/Info.plist";
				LD_RUNPATH_SEARCH_PATHS = "$(inherited) @executable_path/Frameworks @loader_path/Frameworks";
				PRODUCT_BUNDLE_IDENTIFIER = "com.example.Scavenger-HuntTests";
				PRODUCT_NAME = "$(TARGET_NAME)";
				TEST_HOST = "$(BUILT_PRODUCTS_DIR)/Scavenger Hunt.app/Scavenger Hunt";
			};
			name = Debug;
		};
		18318D7E1CA6CB72006CAECE /* Release */ = {
			isa = XCBuildConfiguration;
			buildSettings = {
				BUNDLE_LOADER = "$(TEST_HOST)";
				INFOPLIST_FILE = "Scavenger HuntTests/Info.plist";
				LD_RUNPATH_SEARCH_PATHS = "$(inherited) @executable_path/Frameworks @loader_path/Frameworks";
				PRODUCT_BUNDLE_IDENTIFIER = "com.example.Scavenger-HuntTests";
				PRODUCT_NAME = "$(TARGET_NAME)";
				TEST_HOST = "$(BUILT_PRODUCTS_DIR)/Scavenger Hunt.app/Scavenger Hunt";
			};
			name = Release;
		};
		18318D801CA6CB72006CAECE /* Debug */ = {
			isa = XCBuildConfiguration;
			buildSettings = {
				INFOPLIST_FILE = "Scavenger HuntUITests/Info.plist";
				LD_RUNPATH_SEARCH_PATHS = "$(inherited) @executable_path/Frameworks @loader_path/Frameworks";
				PRODUCT_BUNDLE_IDENTIFIER = "com.example.Scavenger-HuntUITests";
				PRODUCT_NAME = "$(TARGET_NAME)";
				TEST_TARGET_NAME = "Scavenger Hunt";
				USES_XCTRUNNER = YES;
			};
			name = Debug;
		};
		18318D811CA6CB72006CAECE /* Release */ = {
			isa = XCBuildConfiguration;
			buildSettings = {
				INFOPLIST_FILE = "Scavenger HuntUITests/Info.plist";
				LD_RUNPATH_SEARCH_PATHS = "$(inherited) @executable_path/Frameworks @loader_path/Frameworks";
				PRODUCT_BUNDLE_IDENTIFIER = "com.example.Scavenger-HuntUITests";
				PRODUCT_NAME = "$(TARGET_NAME)";
				TEST_TARGET_NAME = "Scavenger Hunt";
				USES_XCTRUNNER = YES;
			};
			name = Release;
		};
/* End XCBuildConfiguration section */

/* Begin XCConfigurationList section */
		18318D4C1CA6CB71006CAECE /* Build configuration list for PBXProject "Scavenger Hunt" */ = {
			isa = XCConfigurationList;
			buildConfigurations = (
				18318D771CA6CB72006CAECE /* Debug */,
				18318D781CA6CB72006CAECE /* Release */,
			);
			defaultConfigurationIsVisible = 0;
			defaultConfigurationName = Release;
		};
		18318D791CA6CB72006CAECE /* Build configuration list for PBXNativeTarget "Scavenger Hunt" */ = {
			isa = XCConfigurationList;
			buildConfigurations = (
				18318D7A1CA6CB72006CAECE /* Debug */,
				18318D7B1CA6CB72006CAECE /* Release */,
			);
			defaultConfigurationIsVisible = 0;
		};
		18318D7C1CA6CB72006CAECE /* Build configuration list for PBXNativeTarget "Scavenger HuntTests" */ = {
			isa = XCConfigurationList;
			buildConfigurations = (
				18318D7D1CA6CB72006CAECE /* Debug */,
				18318D7E1CA6CB72006CAECE /* Release */,
			);
			defaultConfigurationIsVisible = 0;
		};
		18318D7F1CA6CB72006CAECE /* Build configuration list for PBXNativeTarget "Scavenger HuntUITests" */ = {
			isa = XCConfigurationList;
			buildConfigurations = (
				18318D801CA6CB72006CAECE /* Debug */,
				18318D811CA6CB72006CAECE /* Release */,
			);
			defaultConfigurationIsVisible = 0;
		};
/* End XCConfigurationList section */
	};
	rootObject = 18318D491CA6CB71006CAECE /* Project object */;
}
